
Microsoft Visual Studio Solution File, Format Version 12.00
# Visual Studio Version 16
VisualStudioVersion = 16.0.33423.256
MinimumVisualStudioVersion = 10.0.40219.1
Project("{FAE04EC0-301F-11D3-BF4B-00C04F79EFBC}") = "TestLearning", "TestLearning\TestLearning.csproj", "{84B042A9-91B1-4D7C-B42F-8864B089E258}"
EndProject
Project("{FAE04EC0-301F-11D3-BF4B-00C04F79EFBC}") = "Entities", "Entities\Entities.csproj", "{48516705-D02F-4432-9ECF-57AD5A62D096}"
EndProject
Global
	GlobalSection(SolutionConfigurationPlatforms) = preSolution
		Debug|Any CPU = Debug|Any CPU
		Release|Any CPU = Release|Any CPU
	EndGlobalSection
	GlobalSection(ProjectConfigurationPlatforms) = postSolution
		{84B042A9-91B1-4D7C-B42F-8864B089E258}.Debug|Any CPU.ActiveCfg = Debug|Any CPU
		{84B042A9-91B1-4D7C-B42F-8864B089E258}.Debug|Any CPU.Build.0 = Debug|Any CPU
		{84B042A9-91B1-4D7C-B42F-8864B089E258}.Release|Any CPU.ActiveCfg = Release|Any CPU
		{84B042A9-91B1-4D7C-B42F-8864B089E258}.Release|Any CPU.Build.0 = Release|Any CPU
		{48516705-D02F-4432-9ECF-57AD5A62D096}.Debug|Any CPU.ActiveCfg = Debug|Any CPU
		{48516705-D02F-4432-9ECF-57AD5A62D096}.Debug|Any CPU.Build.0 = Debug|Any CPU
		{48516705-D02F-4432-9ECF-57AD5A62D096}.Release|Any CPU.ActiveCfg = Release|Any CPU
		{48516705-D02F-4432-9ECF-57AD5A62D096}.Release|Any CPU.Build.0 = Release|Any CPU
	EndGlobalSection
	GlobalSection(SolutionProperties) = preSolution
		HideSolutionNode = FALSE
	EndGlobalSection
	GlobalSection(ExtensibilityGlobals) = postSolution
		SolutionGuid = {B3188B14-97B5-4309-8FC4-6AD3D339DE1C}
	EndGlobalSection
EndGlobal
